
Microsoft Visual Studio Solution File, Format Version 12.00
# Visual Studio 15
VisualStudioVersion = 15.0.27428.2027
MinimumVisualStudioVersion = 10.0.40219.1
Project("{9A19103F-16F7-4668-BE54-9A1E7A4F7556}") = "MediMatchRMIT", "MediMatchRMIT.csproj", "{4ADB4B93-476B-4DC6-9412-94FC0ED30A87}"
EndProject
Global
	GlobalSection(SolutionConfigurationPlatforms) = preSolution
		Debug|Any CPU = Debug|Any CPU
		Release|Any CPU = Release|Any CPU
	EndGlobalSection
	GlobalSection(ProjectConfigurationPlatforms) = postSolution
		{4ADB4B93-476B-4DC6-9412-94FC0ED30A87}.Debug|Any CPU.ActiveCfg = Debug|Any CPU
		{4ADB4B93-476B-4DC6-9412-94FC0ED30A87}.Debug|Any CPU.Build.0 = Debug|Any CPU
		{4ADB4B93-476B-4DC6-9412-94FC0ED30A87}.Release|Any CPU.ActiveCfg = Release|Any CPU
		{4ADB4B93-476B-4DC6-9412-94FC0ED30A87}.Release|Any CPU.Build.0 = Release|Any CPU
	EndGlobalSection
	GlobalSection(SolutionProperties) = preSolution
		HideSolutionNode = FALSE
	EndGlobalSection
	GlobalSection(ExtensibilityGlobals) = postSolution
		SolutionGuid = {4B621865-4CFD-451F-8AA2-19E0A95933EC}
	EndGlobalSection
EndGlobal
